
Microsoft Visual Studio Solution File, Format Version 12.00
# Visual Studio Version 17
VisualStudioVersion = 17.10.35013.160
MinimumVisualStudioVersion = 10.0.40219.1
Project("{9092AA53-FB77-4645-B42D-1CCCA6BD08BD}") = "SidelyBackend", "SidelyBackend\SidelyBackend.njsproj", "{025BEA89-C46D-42EF-A992-DC8D8B693A11}"
EndProject
Global
	GlobalSection(SolutionConfigurationPlatforms) = preSolution
		Debug|Any CPU = Debug|Any CPU
		Release|Any CPU = Release|Any CPU
	EndGlobalSection
	GlobalSection(ProjectConfigurationPlatforms) = postSolution
		{025BEA89-C46D-42EF-A992-DC8D8B693A11}.Debug|Any CPU.ActiveCfg = Debug|Any CPU
		{025BEA89-C46D-42EF-A992-DC8D8B693A11}.Debug|Any CPU.Build.0 = Debug|Any CPU
		{025BEA89-C46D-42EF-A992-DC8D8B693A11}.Release|Any CPU.ActiveCfg = Release|Any CPU
		{025BEA89-C46D-42EF-A992-DC8D8B693A11}.Release|Any CPU.Build.0 = Release|Any CPU
	EndGlobalSection
	GlobalSection(SolutionProperties) = preSolution
		HideSolutionNode = FALSE
	EndGlobalSection
	GlobalSection(ExtensibilityGlobals) = postSolution
		SolutionGuid = {CB9E2355-33A4-482A-81F8-66EEB258C652}
	EndGlobalSection
EndGlobal
